
Microsoft Visual Studio Solution File, Format Version 12.00
Project("{FAE04EC0-301F-11D3-BF4B-00C04F79EFBC}") = "TcpWpf", "TcpWpf\TcpWpf.csproj", "{02CB735C-694E-4E57-94D1-9F27C11F0FE2}"
EndProject
Project("{FAE04EC0-301F-11D3-BF4B-00C04F79EFBC}") = "TcpLibrary", "TcpLibrary\TcpLibrary.csproj", "{4AC9F302-5060-4DAC-9DBB-789FF95DD7A3}"
EndProject
Global
	GlobalSection(SolutionConfigurationPlatforms) = preSolution
		Debug|Any CPU = Debug|Any CPU
		Release|Any CPU = Release|Any CPU
	EndGlobalSection
	GlobalSection(ProjectConfigurationPlatforms) = postSolution
		{02CB735C-694E-4E57-94D1-9F27C11F0FE2}.Debug|Any CPU.ActiveCfg = Debug|Any CPU
		{02CB735C-694E-4E57-94D1-9F27C11F0FE2}.Debug|Any CPU.Build.0 = Debug|Any CPU
		{02CB735C-694E-4E57-94D1-9F27C11F0FE2}.Release|Any CPU.ActiveCfg = Release|Any CPU
		{02CB735C-694E-4E57-94D1-9F27C11F0FE2}.Release|Any CPU.Build.0 = Release|Any CPU
		{4AC9F302-5060-4DAC-9DBB-789FF95DD7A3}.Debug|Any CPU.ActiveCfg = Debug|Any CPU
		{4AC9F302-5060-4DAC-9DBB-789FF95DD7A3}.Debug|Any CPU.Build.0 = Debug|Any CPU
		{4AC9F302-5060-4DAC-9DBB-789FF95DD7A3}.Release|Any CPU.ActiveCfg = Release|Any CPU
		{4AC9F302-5060-4DAC-9DBB-789FF95DD7A3}.Release|Any CPU.Build.0 = Release|Any CPU
	EndGlobalSection
EndGlobal
